// !$*UTF8*$!
{
	archiveVersion = 1;
	classes = {
	};
	objectVersion = 55;
	objects = {

/* Begin PBXBuildFile section */
		7B0D14BE286815C4007D33C2 /* LoginViewController.swift in Sources */ = {isa = PBXBuildFile; fileRef = 7B0D14BD286815C4007D33C2 /* LoginViewController.swift */; };
		7B0D14C0286815DD007D33C2 /* WelcomeViewController.swift in Sources */ = {isa = PBXBuildFile; fileRef = 7B0D14BF286815DD007D33C2 /* WelcomeViewController.swift */; };
		7B0D14C2286815ED007D33C2 /* SignUpViewController.swift in Sources */ = {isa = PBXBuildFile; fileRef = 7B0D14C1286815ED007D33C2 /* SignUpViewController.swift */; };
		7B102980287E5175004CE79B /* HistoryViewController.swift in Sources */ = {isa = PBXBuildFile; fileRef = 7B10297F287E5175004CE79B /* HistoryViewController.swift */; };
		7B1029B4288A15BE004CE79B /* ContentView.swift in Sources */ = {isa = PBXBuildFile; fileRef = 7B1029B3288A15BE004CE79B /* ContentView.swift */; };
		7B1029B6288A15FE004CE79B /* LocationViewModel.swift in Sources */ = {isa = PBXBuildFile; fileRef = 7B1029B5288A15FE004CE79B /* LocationViewModel.swift */; };
		7B1029B9288A168B004CE79B /* MapView.swift in Sources */ = {isa = PBXBuildFile; fileRef = 7B1029B8288A168B004CE79B /* MapView.swift */; };
		7B1029BB288A16AC004CE79B /* AnnotatedItem.swift in Sources */ = {isa = PBXBuildFile; fileRef = 7B1029BA288A16AC004CE79B /* AnnotatedItem.swift */; };
		7B39A13628A34B7900908F25 /* FirebaseAuth in Frameworks */ = {isa = PBXBuildFile; productRef = 7B39A13528A34B7900908F25 /* FirebaseAuth */; };
		7B39A13828A34D2400908F25 /* GoogleService-Info.plist in Resources */ = {isa = PBXBuildFile; fileRef = 7B39A13728A34D2400908F25 /* GoogleService-Info.plist */; };
		7B4C9BED284319000071508C /* AppDelegate.swift in Sources */ = {isa = PBXBuildFile; fileRef = 7B4C9BEC284319000071508C /* AppDelegate.swift */; };
		7B4C9BEF284319000071508C /* SceneDelegate.swift in Sources */ = {isa = PBXBuildFile; fileRef = 7B4C9BEE284319000071508C /* SceneDelegate.swift */; };
		7B4C9BF1284319000071508C /* MainViewController.swift in Sources */ = {isa = PBXBuildFile; fileRef = 7B4C9BF0284319000071508C /* MainViewController.swift */; };
		7B4C9BF4284319000071508C /* Main.storyboard in Resources */ = {isa = PBXBuildFile; fileRef = 7B4C9BF2284319000071508C /* Main.storyboard */; };
		7B4C9BF6284319020071508C /* Assets.xcassets in Resources */ = {isa = PBXBuildFile; fileRef = 7B4C9BF5284319020071508C /* Assets.xcassets */; };
		7B4C9BF9284319020071508C /* LaunchScreen.storyboard in Resources */ = {isa = PBXBuildFile; fileRef = 7B4C9BF7284319020071508C /* LaunchScreen.storyboard */; };
		7B5B93E82860358700E66D3B /* ResultsViewController.swift in Sources */ = {isa = PBXBuildFile; fileRef = 7B5B93E72860358700E66D3B /* ResultsViewController.swift */; };
		7B5B93EA286035E700E66D3B /* HelpViewController.swift in Sources */ = {isa = PBXBuildFile; fileRef = 7B5B93E9286035E700E66D3B /* HelpViewController.swift */; };
		7B67EABA28C98DC5009DA9AE /* ResultsExpandedViewController.swift in Sources */ = {isa = PBXBuildFile; fileRef = 7B67EAB928C98DC5009DA9AE /* ResultsExpandedViewController.swift */; };
		7BA0930028B044FC007FA557 /* placeModel.swift in Sources */ = {isa = PBXBuildFile; fileRef = 7BA092FF28B044FC007FA557 /* placeModel.swift */; };
		7BA0930228B04505007FA557 /* responseModels.swift in Sources */ = {isa = PBXBuildFile; fileRef = 7BA0930128B04505007FA557 /* responseModels.swift */; };
/* End PBXBuildFile section */

/* Begin PBXCopyFilesBuildPhase section */
		7B1029E5288BB13C004CE79B /* Embed Frameworks */ = {
			isa = PBXCopyFilesBuildPhase;
			buildActionMask = 2147483647;
			dstPath = "";
			dstSubfolderSpec = 10;
			files = (
			);
			name = "Embed Frameworks";
			runOnlyForDeploymentPostprocessing = 0;
		};
/* End PBXCopyFilesBuildPhase section */

/* Begin PBXFileReference section */
		7B0D14BD286815C4007D33C2 /* LoginViewController.swift */ = {isa = PBXFileReference; lastKnownFileType = sourcecode.swift; path = LoginViewController.swift; sourceTree = "<group>"; };
		7B0D14BF286815DD007D33C2 /* WelcomeViewController.swift */ = {isa = PBXFileReference; lastKnownFileType = sourcecode.swift; path = WelcomeViewController.swift; sourceTree = "<group>"; };
		7B0D14C1286815ED007D33C2 /* SignUpViewController.swift */ = {isa = PBXFileReference; lastKnownFileType = sourcecode.swift; path = SignUpViewController.swift; sourceTree = "<group>"; };
		7B10297F287E5175004CE79B /* HistoryViewController.swift */ = {isa = PBXFileReference; lastKnownFileType = sourcecode.swift; path = HistoryViewController.swift; sourceTree = "<group>"; };
		7B1029B3288A15BE004CE79B /* ContentView.swift */ = {isa = PBXFileReference; lastKnownFileType = sourcecode.swift; path = ContentView.swift; sourceTree = "<group>"; };
		7B1029B5288A15FE004CE79B /* LocationViewModel.swift */ = {isa = PBXFileReference; lastKnownFileType = sourcecode.swift; path = LocationViewModel.swift; sourceTree = "<group>"; };
		7B1029B8288A168B004CE79B /* MapView.swift */ = {isa = PBXFileReference; lastKnownFileType = sourcecode.swift; path = MapView.swift; sourceTree = "<group>"; };
		7B1029BA288A16AC004CE79B /* AnnotatedItem.swift */ = {isa = PBXFileReference; lastKnownFileType = sourcecode.swift; path = AnnotatedItem.swift; sourceTree = "<group>"; };
		7B39A13728A34D2400908F25 /* GoogleService-Info.plist */ = {isa = PBXFileReference; fileEncoding = 4; lastKnownFileType = text.plist.xml; path = "GoogleService-Info.plist"; sourceTree = "<group>"; };
		7B4C9BE9284319000071508C /* Body Fat Calculator.app */ = {isa = PBXFileReference; explicitFileType = wrapper.application; includeInIndex = 0; path = "Body Fat Calculator.app"; sourceTree = BUILT_PRODUCTS_DIR; };
		7B4C9BEC284319000071508C /* AppDelegate.swift */ = {isa = PBXFileReference; lastKnownFileType = sourcecode.swift; path = AppDelegate.swift; sourceTree = "<group>"; };
		7B4C9BEE284319000071508C /* SceneDelegate.swift */ = {isa = PBXFileReference; lastKnownFileType = sourcecode.swift; path = SceneDelegate.swift; sourceTree = "<group>"; };
		7B4C9BF0284319000071508C /* MainViewController.swift */ = {isa = PBXFileReference; lastKnownFileType = sourcecode.swift; path = MainViewController.swift; sourceTree = "<group>"; };
		7B4C9BF3284319000071508C /* Base */ = {isa = PBXFileReference; lastKnownFileType = file.storyboard; name = Base; path = Base.lproj/Main.storyboard; sourceTree = "<group>"; };
		7B4C9BF5284319020071508C /* Assets.xcassets */ = {isa = PBXFileReference; lastKnownFileType = folder.assetcatalog; path = Assets.xcassets; sourceTree = "<group>"; };
		7B4C9BF8284319020071508C /* Base */ = {isa = PBXFileReference; lastKnownFileType = file.storyboard; name = Base; path = Base.lproj/LaunchScreen.storyboard; sourceTree = "<group>"; };
		7B4C9BFA284319020071508C /* Info.plist */ = {isa = PBXFileReference; lastKnownFileType = text.plist.xml; path = Info.plist; sourceTree = "<group>"; };
		7B5B93E72860358700E66D3B /* ResultsViewController.swift */ = {isa = PBXFileReference; lastKnownFileType = sourcecode.swift; path = ResultsViewController.swift; sourceTree = "<group>"; };
		7B5B93E9286035E700E66D3B /* HelpViewController.swift */ = {isa = PBXFileReference; lastKnownFileType = sourcecode.swift; path = HelpViewController.swift; sourceTree = "<group>"; };
		7B67EAB928C98DC5009DA9AE /* ResultsExpandedViewController.swift */ = {isa = PBXFileReference; lastKnownFileType = sourcecode.swift; path = ResultsExpandedViewController.swift; sourceTree = "<group>"; };
		7BA092FF28B044FC007FA557 /* placeModel.swift */ = {isa = PBXFileReference; fileEncoding = 4; lastKnownFileType = sourcecode.swift; path = placeModel.swift; sourceTree = "<group>"; };
		7BA0930128B04505007FA557 /* responseModels.swift */ = {isa = PBXFileReference; fileEncoding = 4; lastKnownFileType = sourcecode.swift; path = responseModels.swift; sourceTree = "<group>"; };
/* End PBXFileReference section */

/* Begin PBXFrameworksBuildPhase section */
		7B4C9BE6284319000071508C /* Frameworks */ = {
			isa = PBXFrameworksBuildPhase;
			buildActionMask = 2147483647;
			files = (
				7B39A13628A34B7900908F25 /* FirebaseAuth in Frameworks */,
			);
			runOnlyForDeploymentPostprocessing = 0;
		};
/* End PBXFrameworksBuildPhase section */

/* Begin PBXGroup section */
		7B1029BF288B8210004CE79B /* Networking */ = {
			isa = PBXGroup;
			children = (
				7B1029C0288B821F004CE79B /* Models */,
			);
			path = Networking;
			sourceTree = "<group>";
		};
		7B1029C0288B821F004CE79B /* Models */ = {
			isa = PBXGroup;
			children = (
				7BA0930128B04505007FA557 /* responseModels.swift */,
				7BA092FF28B044FC007FA557 /* placeModel.swift */,
			);
			path = Models;
			sourceTree = "<group>";
		};
		7B1029E2288BB13C004CE79B /* Frameworks */ = {
			isa = PBXGroup;
			children = (
			);
			name = Frameworks;
			sourceTree = "<group>";
		};
		7B4C9BE0284319000071508C = {
			isa = PBXGroup;
			children = (
				7B4C9BEB284319000071508C /* Body Fat Calculator */,
				7B4C9BEA284319000071508C /* Products */,
				7B1029E2288BB13C004CE79B /* Frameworks */,
			);
			sourceTree = "<group>";
		};
		7B4C9BEA284319000071508C /* Products */ = {
			isa = PBXGroup;
			children = (
				7B4C9BE9284319000071508C /* Body Fat Calculator.app */,
			);
			name = Products;
			sourceTree = "<group>";
		};
		7B4C9BEB284319000071508C /* Body Fat Calculator */ = {
			isa = PBXGroup;
			children = (
				7B39A13728A34D2400908F25 /* GoogleService-Info.plist */,
				7B1029BF288B8210004CE79B /* Networking */,
				7B1029B3288A15BE004CE79B /* ContentView.swift */,
				7B10297F287E5175004CE79B /* HistoryViewController.swift */,
				7B5B93E72860358700E66D3B /* ResultsViewController.swift */,
				7B4C9BEC284319000071508C /* AppDelegate.swift */,
				7B4C9BEE284319000071508C /* SceneDelegate.swift */,
				7B5B93E9286035E700E66D3B /* HelpViewController.swift */,
				7B4C9BF0284319000071508C /* MainViewController.swift */,
				7B4C9BF2284319000071508C /* Main.storyboard */,
				7B4C9BF5284319020071508C /* Assets.xcassets */,
				7B4C9BF7284319020071508C /* LaunchScreen.storyboard */,
				7B4C9BFA284319020071508C /* Info.plist */,
				7B0D14C1286815ED007D33C2 /* SignUpViewController.swift */,
				7B0D14BF286815DD007D33C2 /* WelcomeViewController.swift */,
				7B0D14BD286815C4007D33C2 /* LoginViewController.swift */,
				7B1029B5288A15FE004CE79B /* LocationViewModel.swift */,
				7B1029B8288A168B004CE79B /* MapView.swift */,
				7B1029BA288A16AC004CE79B /* AnnotatedItem.swift */,
				7B67EAB928C98DC5009DA9AE /* ResultsExpandedViewController.swift */,
			);
			path = "Body Fat Calculator";
			sourceTree = "<group>";
		};
/* End PBXGroup section */

/* Begin PBXNativeTarget section */
		7B4C9BE8284319000071508C /* Body Fat Calculator */ = {
			isa = PBXNativeTarget;
			buildConfigurationList = 7B4C9BFD284319020071508C /* Build configuration list for PBXNativeTarget "Body Fat Calculator" */;
			buildPhases = (
				7B4C9BE5284319000071508C /* Sources */,
				7B4C9BE6284319000071508C /* Frameworks */,
				7B4C9BE7284319000071508C /* Resources */,
				7B1029E5288BB13C004CE79B /* Embed Frameworks */,
			);
			buildRules = (
			);
			dependencies = (
			);
			name = "Body Fat Calculator";
			packageProductDependencies = (
				7B39A13528A34B7900908F25 /* FirebaseAuth */,
			);
			productName = "Body Fat Calculator";
			productReference = 7B4C9BE9284319000071508C /* Body Fat Calculator.app */;
			productType = "com.apple.product-type.application";
		};
/* End PBXNativeTarget section */

/* Begin PBXProject section */
		7B4C9BE1284319000071508C /* Project object */ = {
			isa = PBXProject;
			attributes = {
				BuildIndependentTargetsInParallel = 1;
				LastSwiftUpdateCheck = 1330;
				LastUpgradeCheck = 1330;
				TargetAttributes = {
					7B4C9BE8284319000071508C = {
						CreatedOnToolsVersion = 13.3.1;
					};
				};
			};
			buildConfigurationList = 7B4C9BE4284319000071508C /* Build configuration list for PBXProject "Body Fat Calculator" */;
			compatibilityVersion = "Xcode 13.0";
			developmentRegion = en;
			hasScannedForEncodings = 0;
			knownRegions = (
				en,
				Base,
			);
			mainGroup = 7B4C9BE0284319000071508C;
			packageReferences = (
				7B39A13428A34B7900908F25 /* XCRemoteSwiftPackageReference "firebase-ios-sdk" */,
			);
			productRefGroup = 7B4C9BEA284319000071508C /* Products */;
			projectDirPath = "";
			projectRoot = "";
			targets = (
				7B4C9BE8284319000071508C /* Body Fat Calculator */,
			);
		};
/* End PBXProject section */

/* Begin PBXResourcesBuildPhase section */
		7B4C9BE7284319000071508C /* Resources */ = {
			isa = PBXResourcesBuildPhase;
			buildActionMask = 2147483647;
			files = (
				7B4C9BF9284319020071508C /* LaunchScreen.storyboard in Resources */,
				7B39A13828A34D2400908F25 /* GoogleService-Info.plist in Resources */,
				7B4C9BF6284319020071508C /* Assets.xcassets in Resources */,
				7B4C9BF4284319000071508C /* Main.storyboard in Resources */,
			);
			runOnlyForDeploymentPostprocessing = 0;
		};
/* End PBXResourcesBuildPhase section */

/* Begin PBXSourcesBuildPhase section */
		7B4C9BE5284319000071508C /* Sources */ = {
			isa = PBXSourcesBuildPhase;
			buildActionMask = 2147483647;
			files = (
				7B4C9BF1284319000071508C /* MainViewController.swift in Sources */,
				7B1029B9288A168B004CE79B /* MapView.swift in Sources */,
				7B0D14C0286815DD007D33C2 /* WelcomeViewController.swift in Sources */,
				7B1029B4288A15BE004CE79B /* ContentView.swift in Sources */,
				7B102980287E5175004CE79B /* HistoryViewController.swift in Sources */,
				7B4C9BED284319000071508C /* AppDelegate.swift in Sources */,
				7B4C9BEF284319000071508C /* SceneDelegate.swift in Sources */,
				7BA0930228B04505007FA557 /* responseModels.swift in Sources */,
				7B0D14BE286815C4007D33C2 /* LoginViewController.swift in Sources */,
				7BA0930028B044FC007FA557 /* placeModel.swift in Sources */,
				7B0D14C2286815ED007D33C2 /* SignUpViewController.swift in Sources */,
				7B67EABA28C98DC5009DA9AE /* ResultsExpandedViewController.swift in Sources */,
				7B5B93E82860358700E66D3B /* ResultsViewController.swift in Sources */,
				7B1029BB288A16AC004CE79B /* AnnotatedItem.swift in Sources */,
				7B1029B6288A15FE004CE79B /* LocationViewModel.swift in Sources */,
				7B5B93EA286035E700E66D3B /* HelpViewController.swift in Sources */,
			);
			runOnlyForDeploymentPostprocessing = 0;
		};
/* End PBXSourcesBuildPhase section */

/* Begin PBXVariantGroup section */
		7B4C9BF2284319000071508C /* Main.storyboard */ = {
			isa = PBXVariantGroup;
			children = (
				7B4C9BF3284319000071508C /* Base */,
			);
			name = Main.storyboard;
			sourceTree = "<group>";
		};
		7B4C9BF7284319020071508C /* LaunchScreen.storyboard */ = {
			isa = PBXVariantGroup;
			children = (
				7B4C9BF8284319020071508C /* Base */,
			);
			name = LaunchScreen.storyboard;
			sourceTree = "<group>";
		};
/* End PBXVariantGroup section */

/* Begin XCBuildConfiguration section */
		7B4C9BFB284319020071508C /* Debug */ = {
			isa = XCBuildConfiguration;
			buildSettings = {
				ALWAYS_SEARCH_USER_PATHS = NO;
				CLANG_ANALYZER_NONNULL = YES;
				CLANG_ANALYZER_NUMBER_OBJECT_CONVERSION = YES_AGGRESSIVE;
				CLANG_CXX_LANGUAGE_STANDARD = "gnu++17";
				CLANG_ENABLE_MODULES = YES;
				CLANG_ENABLE_OBJC_ARC = YES;
				CLANG_ENABLE_OBJC_WEAK = YES;
				CLANG_WARN_BLOCK_CAPTURE_AUTORELEASING = YES;
				CLANG_WARN_BOOL_CONVERSION = YES;
				CLANG_WARN_COMMA = YES;
				CLANG_WARN_CONSTANT_CONVERSION = YES;
				CLANG_WARN_DEPRECATED_OBJC_IMPLEMENTATIONS = YES;
				CLANG_WARN_DIRECT_OBJC_ISA_USAGE = YES_ERROR;
				CLANG_WARN_DOCUMENTATION_COMMENTS = YES;
				CLANG_WARN_EMPTY_BODY = YES;
				CLANG_WARN_ENUM_CONVERSION = YES;
				CLANG_WARN_INFINITE_RECURSION = YES;
				CLANG_WARN_INT_CONVERSION = YES;
				CLANG_WARN_NON_LITERAL_NULL_CONVERSION = YES;
				CLANG_WARN_OBJC_IMPLICIT_RETAIN_SELF = YES;
				CLANG_WARN_OBJC_LITERAL_CONVERSION = YES;
				CLANG_WARN_OBJC_ROOT_CLASS = YES_ERROR;
				CLANG_WARN_QUOTED_INCLUDE_IN_FRAMEWORK_HEADER = YES;
				CLANG_WARN_RANGE_LOOP_ANALYSIS = YES;
				CLANG_WARN_STRICT_PROTOTYPES = YES;
				CLANG_WARN_SUSPICIOUS_MOVE = YES;
				CLANG_WARN_UNGUARDED_AVAILABILITY = YES_AGGRESSIVE;
				CLANG_WARN_UNREACHABLE_CODE = YES;
				CLANG_WARN__DUPLICATE_METHOD_MATCH = YES;
				COPY_PHASE_STRIP = NO;
				DEBUG_INFORMATION_FORMAT = dwarf;
				ENABLE_STRICT_OBJC_MSGSEND = YES;
				ENABLE_TESTABILITY = YES;
				GCC_C_LANGUAGE_STANDARD = gnu11;
				GCC_DYNAMIC_NO_PIC = NO;
				GCC_NO_COMMON_BLOCKS = YES;
				GCC_OPTIMIZATION_LEVEL = 0;
				GCC_PREPROCESSOR_DEFINITIONS = (
					"DEBUG=1",
					"$(inherited)",
				);
				GCC_WARN_64_TO_32_BIT_CONVERSION = YES;
				GCC_WARN_ABOUT_RETURN_TYPE = YES_ERROR;
				GCC_WARN_UNDECLARED_SELECTOR = YES;
				GCC_WARN_UNINITIALIZED_AUTOS = YES_AGGRESSIVE;
				GCC_WARN_UNUSED_FUNCTION = YES;
				GCC_WARN_UNUSED_VARIABLE = YES;
				IPHONEOS_DEPLOYMENT_TARGET = 15.4;
				MTL_ENABLE_DEBUG_INFO = INCLUDE_SOURCE;
				MTL_FAST_MATH = YES;
				ONLY_ACTIVE_ARCH = YES;
				SDKROOT = iphoneos;
				SWIFT_ACTIVE_COMPILATION_CONDITIONS = DEBUG;
				SWIFT_OPTIMIZATION_LEVEL = "-Onone";
			};
			name = Debug;
		};
		7B4C9BFC284319020071508C /* Release */ = {
			isa = XCBuildConfiguration;
			buildSettings = {
				ALWAYS_SEARCH_USER_PATHS = NO;
				CLANG_ANALYZER_NONNULL = YES;
				CLANG_ANALYZER_NUMBER_OBJECT_CONVERSION = YES_AGGRESSIVE;
				CLANG_CXX_LANGUAGE_STANDARD = "gnu++17";
				CLANG_ENABLE_MODULES = YES;
				CLANG_ENABLE_OBJC_ARC = YES;
				CLANG_ENABLE_OBJC_WEAK = YES;
				CLANG_WARN_BLOCK_CAPTURE_AUTORELEASING = YES;
				CLANG_WARN_BOOL_CONVERSION = YES;
				CLANG_WARN_COMMA = YES;
				CLANG_WARN_CONSTANT_CONVERSION = YES;
				CLANG_WARN_DEPRECATED_OBJC_IMPLEMENTATIONS = YES;
				CLANG_WARN_DIRECT_OBJC_ISA_USAGE = YES_ERROR;
				CLANG_WARN_DOCUMENTATION_COMMENTS = YES;
				CLANG_WARN_EMPTY_BODY = YES;
				CLANG_WARN_ENUM_CONVERSION = YES;
				CLANG_WARN_INFINITE_RECURSION = YES;
				CLANG_WARN_INT_CONVERSION = YES;
				CLANG_WARN_NON_LITERAL_NULL_CONVERSION = YES;
				CLANG_WARN_OBJC_IMPLICIT_RETAIN_SELF = YES;
				CLANG_WARN_OBJC_LITERAL_CONVERSION = YES;
				CLANG_WARN_OBJC_ROOT_CLASS = YES_ERROR;
				CLANG_WARN_QUOTED_INCLUDE_IN_FRAMEWORK_HEADER = YES;
				CLANG_WARN_RANGE_LOOP_ANALYSIS = YES;
				CLANG_WARN_STRICT_PROTOTYPES = YES;
				CLANG_WARN_SUSPICIOUS_MOVE = YES;
				CLANG_WARN_UNGUARDED_AVAILABILITY = YES_AGGRESSIVE;
				CLANG_WARN_UNREACHABLE_CODE = YES;
				CLANG_WARN__DUPLICATE_METHOD_MATCH = YES;
				COPY_PHASE_STRIP = NO;
				DEBUG_INFORMATION_FORMAT = "dwarf-with-dsym";
				ENABLE_NS_ASSERTIONS = NO;
				ENABLE_STRICT_OBJC_MSGSEND = YES;
				GCC_C_LANGUAGE_STANDARD = gnu11;
				GCC_NO_COMMON_BLOCKS = YES;
				GCC_WARN_64_TO_32_BIT_CONVERSION = YES;
				GCC_WARN_ABOUT_RETURN_TYPE = YES_ERROR;
				GCC_WARN_UNDECLARED_SELECTOR = YES;
				GCC_WARN_UNINITIALIZED_AUTOS = YES_AGGRESSIVE;
				GCC_WARN_UNUSED_FUNCTION = YES;
				GCC_WARN_UNUSED_VARIABLE = YES;
				IPHONEOS_DEPLOYMENT_TARGET = 15.4;
				MTL_ENABLE_DEBUG_INFO = NO;
				MTL_FAST_MATH = YES;
				SDKROOT = iphoneos;
				SWIFT_COMPILATION_MODE = wholemodule;
				SWIFT_OPTIMIZATION_LEVEL = "-O";
				VALIDATE_PRODUCT = YES;
			};
			name = Release;
		};
		7B4C9BFE284319020071508C /* Debug */ = {
			isa = XCBuildConfiguration;
			buildSettings = {
				ASSETCATALOG_COMPILER_APPICON_NAME = AppIcon;
				ASSETCATALOG_COMPILER_GLOBAL_ACCENT_COLOR_NAME = AccentColor;
				CODE_SIGN_IDENTITY = "Apple Development";
				CODE_SIGN_STYLE = Manual;
				CURRENT_PROJECT_VERSION = 1;
				DEVELOPMENT_TEAM = "";
				GENERATE_INFOPLIST_FILE = YES;
				INFOPLIST_FILE = "Body Fat Calculator/Info.plist";
				INFOPLIST_KEY_NSLocationWhenInUseUsageDescription = "This information will be used only by this app and to find gyms near your location.";
				INFOPLIST_KEY_UIApplicationSupportsIndirectInputEvents = YES;
				INFOPLIST_KEY_UILaunchStoryboardName = LaunchScreen;
				INFOPLIST_KEY_UIMainStoryboardFile = Main;
				INFOPLIST_KEY_UISupportedInterfaceOrientations_iPad = "UIInterfaceOrientationPortrait UIInterfaceOrientationPortraitUpsideDown UIInterfaceOrientationLandscapeLeft UIInterfaceOrientationLandscapeRight";
				INFOPLIST_KEY_UISupportedInterfaceOrientations_iPhone = "UIInterfaceOrientationPortrait UIInterfaceOrientationLandscapeLeft UIInterfaceOrientationLandscapeRight";
				LD_RUNPATH_SEARCH_PATHS = (
					"$(inherited)",
					"@executable_path/Frameworks",
				);
				MARKETING_VERSION = 1.0;
				PRODUCT_BUNDLE_IDENTIFIER = "ca.bcit.Body-Fat-Calculator";
				PRODUCT_NAME = "$(TARGET_NAME)";
				PROVISIONING_PROFILE_SPECIFIER = "";
				SWIFT_EMIT_LOC_STRINGS = YES;
				SWIFT_VERSION = 5.0;
				TARGETED_DEVICE_FAMILY = "1,2";
			};
			name = Debug;
		};
		7B4C9BFF284319020071508C /* Release */ = {
			isa = XCBuildConfiguration;
			buildSettings = {
				ASSETCATALOG_COMPILER_APPICON_NAME = AppIcon;
				ASSETCATALOG_COMPILER_GLOBAL_ACCENT_COLOR_NAME = AccentColor;
				CODE_SIGN_IDENTITY = "Apple Development";
				CODE_SIGN_STYLE = Manual;
				CURRENT_PROJECT_VERSION = 1;
				DEVELOPMENT_TEAM = "";
				GENERATE_INFOPLIST_FILE = YES;
				INFOPLIST_FILE = "Body Fat Calculator/Info.plist";
				INFOPLIST_KEY_NSLocationWhenInUseUsageDescription = "This information will be used only by this app and to find gyms near your location.";
				INFOPLIST_KEY_UIApplicationSupportsIndirectInputEvents = YES;
				INFOPLIST_KEY_UILaunchStoryboardName = LaunchScreen;
				INFOPLIST_KEY_UIMainStoryboardFile = Main;
				INFOPLIST_KEY_UISupportedInterfaceOrientations_iPad = "UIInterfaceOrientationPortrait UIInterfaceOrientationPortraitUpsideDown UIInterfaceOrientationLandscapeLeft UIInterfaceOrientationLandscapeRight";
				INFOPLIST_KEY_UISupportedInterfaceOrientations_iPhone = "UIInterfaceOrientationPortrait UIInterfaceOrientationLandscapeLeft UIInterfaceOrientationLandscapeRight";
				LD_RUNPATH_SEARCH_PATHS = (
					"$(inherited)",
					"@executable_path/Frameworks",
				);
				MARKETING_VERSION = 1.0;
				PRODUCT_BUNDLE_IDENTIFIER = "ca.bcit.Body-Fat-Calculator";
				PRODUCT_NAME = "$(TARGET_NAME)";
				PROVISIONING_PROFILE_SPECIFIER = "";
				SWIFT_EMIT_LOC_STRINGS = YES;
				SWIFT_VERSION = 5.0;
				TARGETED_DEVICE_FAMILY = "1,2";
			};
			name = Release;
		};
/* End XCBuildConfiguration section */

/* Begin XCConfigurationList section */
		7B4C9BE4284319000071508C /* Build configuration list for PBXProject "Body Fat Calculator" */ = {
			isa = XCConfigurationList;
			buildConfigurations = (
				7B4C9BFB284319020071508C /* Debug */,
				7B4C9BFC284319020071508C /* Release */,
			);
			defaultConfigurationIsVisible = 0;
			defaultConfigurationName = Release;
		};
		7B4C9BFD284319020071508C /* Build configuration list for PBXNativeTarget "Body Fat Calculator" */ = {
			isa = XCConfigurationList;
			buildConfigurations = (
				7B4C9BFE284319020071508C /* Debug */,
				7B4C9BFF284319020071508C /* Release */,
			);
			defaultConfigurationIsVisible = 0;
			defaultConfigurationName = Release;
		};
/* End XCConfigurationList section */

/* Begin XCRemoteSwiftPackageReference section */
		7B39A13428A34B7900908F25 /* XCRemoteSwiftPackageReference "firebase-ios-sdk" */ = {
			isa = XCRemoteSwiftPackageReference;
			repositoryURL = "https://github.com/firebase/firebase-ios-sdk";
			requirement = {
				branch = master;
				kind = branch;
			};
		};
/* End XCRemoteSwiftPackageReference section */

/* Begin XCSwiftPackageProductDependency section */
		7B39A13528A34B7900908F25 /* FirebaseAuth */ = {
			isa = XCSwiftPackageProductDependency;
			package = 7B39A13428A34B7900908F25 /* XCRemoteSwiftPackageReference "firebase-ios-sdk" */;
			productName = FirebaseAuth;
		};
/* End XCSwiftPackageProductDependency section */
	};
	rootObject = 7B4C9BE1284319000071508C /* Project object */;
}
